{
  "name": "terraform-repository",
  "lockfileVersion": 3,
  "requires": true,
  "packages": {
    "": {
      "devDependencies": {
        "@cspell/dict-makefile": "^1.0.0"
      }
    },
    "node_modules/@cspell/dict-makefile": {
      "version": "1.0.0",
      "resolved": "https://registry.npmjs.org/@cspell/dict-makefile/-/dict-makefile-1.0.0.tgz",
      "integrity": "sha512-3W9tHPcSbJa6s0bcqWo6VisEDTSN5zOtDbnPabF7rbyjRpNo0uHXHRJQF8gAbFzoTzBBhgkTmrfSiuyQm7vBUQ==",
      "dev": true
    }
  }
}
